Microsoft Visual Studio Solution File, Format Version 11.00
# Visual Studio 2008

Project("{F39A2E22-51ED-5110-3F38-4EE67F2107D1}") = "CreaturesUnity", "CreaturesUnity.csproj", "{2E473086-BD06-A45F-8906-D99524597A36}"
EndProject
Global
	GlobalSection(SolutionConfigurationPlatforms) = preSolution
		Debug|Any CPU = Debug|Any CPU
		Release|Any CPU = Release|Any CPU
	EndGlobalSection
	GlobalSection(ProjectConfigurationPlatforms) = postSolution
		{2E473086-BD06-A45F-8906-D99524597A36}.Debug|Any CPU.ActiveCfg = Debug|Any CPU
		{2E473086-BD06-A45F-8906-D99524597A36}.Debug|Any CPU.Build.0 = Debug|Any CPU
		{2E473086-BD06-A45F-8906-D99524597A36}.Release|Any CPU.ActiveCfg = Release|Any CPU
		{2E473086-BD06-A45F-8906-D99524597A36}.Release|Any CPU.Build.0 = Release|Any CPU
	EndGlobalSection
	GlobalSection(SolutionProperties) = preSolution
		HideSolutionNode = FALSE
	EndGlobalSection
	
EndGlobal
